
Microsoft Visual Studio Solution File, Format Version 12.00
# Visual Studio Version 17
VisualStudioVersion = 17.5.002.0
MinimumVisualStudioVersion = 10.0.40219.1
Project("{9A19103F-16F7-4668-BE54-9A1E7A4F7556}") = "JwtAuthClass", "JwtAuthClass.csproj", "{9F676F15-52BC-44B7-B4D4-7356172D323B}"
EndProject
Global
	GlobalSection(SolutionConfigurationPlatforms) = preSolution
		Debug|Any CPU = Debug|Any CPU
		Release|Any CPU = Release|Any CPU
	EndGlobalSection
	GlobalSection(ProjectConfigurationPlatforms) = postSolution
		{9F676F15-52BC-44B7-B4D4-7356172D323B}.Debug|Any CPU.ActiveCfg = Debug|Any CPU
		{9F676F15-52BC-44B7-B4D4-7356172D323B}.Debug|Any CPU.Build.0 = Debug|Any CPU
		{9F676F15-52BC-44B7-B4D4-7356172D323B}.Release|Any CPU.ActiveCfg = Release|Any CPU
		{9F676F15-52BC-44B7-B4D4-7356172D323B}.Release|Any CPU.Build.0 = Release|Any CPU
	EndGlobalSection
	GlobalSection(SolutionProperties) = preSolution
		HideSolutionNode = FALSE
	EndGlobalSection
	GlobalSection(ExtensibilityGlobals) = postSolution
		SolutionGuid = {08417854-00EF-420F-8CD0-20D08EA513C8}
	EndGlobalSection
EndGlobal
